
Microsoft Visual Studio Solution File, Format Version 12.00
# Visual Studio Version 16
VisualStudioVersion = 16.0.30406.217
MinimumVisualStudioVersion = 10.0.40219.1
Project("{8BC9CEB8-8B4A-11D0-8D11-00A0C91BC942}") = "15970_화살표 그리지", "15970_화살표 그리지.vcxproj", "{B658B230-B652-4A8A-8F72-7D8391C1BD6D}"
EndProject
Global
	GlobalSection(SolutionConfigurationPlatforms) = preSolution
		Debug|x64 = Debug|x64
		Debug|x86 = Debug|x86
		Release|x64 = Release|x64
		Release|x86 = Release|x86
	EndGlobalSection
	GlobalSection(ProjectConfigurationPlatforms) = postSolution
		{B658B230-B652-4A8A-8F72-7D8391C1BD6D}.Debug|x64.ActiveCfg = Debug|x64
		{B658B230-B652-4A8A-8F72-7D8391C1BD6D}.Debug|x64.Build.0 = Debug|x64
		{B658B230-B652-4A8A-8F72-7D8391C1BD6D}.Debug|x86.ActiveCfg = Debug|Win32
		{B658B230-B652-4A8A-8F72-7D8391C1BD6D}.Debug|x86.Build.0 = Debug|Win32
		{B658B230-B652-4A8A-8F72-7D8391C1BD6D}.Release|x64.ActiveCfg = Release|x64
		{B658B230-B652-4A8A-8F72-7D8391C1BD6D}.Release|x64.Build.0 = Release|x64
		{B658B230-B652-4A8A-8F72-7D8391C1BD6D}.Release|x86.ActiveCfg = Release|Win32
		{B658B230-B652-4A8A-8F72-7D8391C1BD6D}.Release|x86.Build.0 = Release|Win32
	EndGlobalSection
	GlobalSection(SolutionProperties) = preSolution
		HideSolutionNode = FALSE
	EndGlobalSection
	GlobalSection(ExtensibilityGlobals) = postSolution
		SolutionGuid = {C51D0960-0CAE-44F2-95F0-CD2CE10BBD1E}
	EndGlobalSection
EndGlobal
