
Microsoft Visual Studio Solution File, Format Version 12.00
# Visual Studio Version 16
VisualStudioVersion = 16.0.30406.217
MinimumVisualStudioVersion = 10.0.40219.1
Project("{8BC9CEB8-8B4A-11D0-8D11-00A0C91BC942}") = "7795_먹을 것인가 먹힐 것인가", "7795_먹을 것인가 먹힐 것인가.vcxproj", "{12E588DA-92A1-4E0D-B58D-1955A26849FC}"
EndProject
Global
	GlobalSection(SolutionConfigurationPlatforms) = preSolution
		Debug|x64 = Debug|x64
		Debug|x86 = Debug|x86
		Release|x64 = Release|x64
		Release|x86 = Release|x86
	EndGlobalSection
	GlobalSection(ProjectConfigurationPlatforms) = postSolution
		{12E588DA-92A1-4E0D-B58D-1955A26849FC}.Debug|x64.ActiveCfg = Debug|x64
		{12E588DA-92A1-4E0D-B58D-1955A26849FC}.Debug|x64.Build.0 = Debug|x64
		{12E588DA-92A1-4E0D-B58D-1955A26849FC}.Debug|x86.ActiveCfg = Debug|Win32
		{12E588DA-92A1-4E0D-B58D-1955A26849FC}.Debug|x86.Build.0 = Debug|Win32
		{12E588DA-92A1-4E0D-B58D-1955A26849FC}.Release|x64.ActiveCfg = Release|x64
		{12E588DA-92A1-4E0D-B58D-1955A26849FC}.Release|x64.Build.0 = Release|x64
		{12E588DA-92A1-4E0D-B58D-1955A26849FC}.Release|x86.ActiveCfg = Release|Win32
		{12E588DA-92A1-4E0D-B58D-1955A26849FC}.Release|x86.Build.0 = Release|Win32
	EndGlobalSection
	GlobalSection(SolutionProperties) = preSolution
		HideSolutionNode = FALSE
	EndGlobalSection
	GlobalSection(ExtensibilityGlobals) = postSolution
		SolutionGuid = {0BA34059-62CE-41FD-85F2-27166997198A}
	EndGlobalSection
EndGlobal
