
Microsoft Visual Studio Solution File, Format Version 12.00
# Visual Studio Version 16
VisualStudioVersion = 16.0.30406.217
MinimumVisualStudioVersion = 10.0.40219.1
Project("{8BC9CEB8-8B4A-11D0-8D11-00A0C91BC942}") = "4615_재미있는 오셀로 게임", "4615_재미있는 오셀로 게임.vcxproj", "{A04165D1-CD97-435F-AC7A-85DC157A3BF7}"
EndProject
Global
	GlobalSection(SolutionConfigurationPlatforms) = preSolution
		Debug|x64 = Debug|x64
		Debug|x86 = Debug|x86
		Release|x64 = Release|x64
		Release|x86 = Release|x86
	EndGlobalSection
	GlobalSection(ProjectConfigurationPlatforms) = postSolution
		{A04165D1-CD97-435F-AC7A-85DC157A3BF7}.Debug|x64.ActiveCfg = Debug|x64
		{A04165D1-CD97-435F-AC7A-85DC157A3BF7}.Debug|x64.Build.0 = Debug|x64
		{A04165D1-CD97-435F-AC7A-85DC157A3BF7}.Debug|x86.ActiveCfg = Debug|Win32
		{A04165D1-CD97-435F-AC7A-85DC157A3BF7}.Debug|x86.Build.0 = Debug|Win32
		{A04165D1-CD97-435F-AC7A-85DC157A3BF7}.Release|x64.ActiveCfg = Release|x64
		{A04165D1-CD97-435F-AC7A-85DC157A3BF7}.Release|x64.Build.0 = Release|x64
		{A04165D1-CD97-435F-AC7A-85DC157A3BF7}.Release|x86.ActiveCfg = Release|Win32
		{A04165D1-CD97-435F-AC7A-85DC157A3BF7}.Release|x86.Build.0 = Release|Win32
	EndGlobalSection
	GlobalSection(SolutionProperties) = preSolution
		HideSolutionNode = FALSE
	EndGlobalSection
	GlobalSection(ExtensibilityGlobals) = postSolution
		SolutionGuid = {41277714-93BF-474F-994C-451DE80A8EDE}
	EndGlobalSection
EndGlobal
