
Microsoft Visual Studio Solution File, Format Version 12.00
# Visual Studio Version 16
VisualStudioVersion = 16.0.30406.217
MinimumVisualStudioVersion = 10.0.40219.1
Project("{8BC9CEB8-8B4A-11D0-8D11-00A0C91BC942}") = "2623_음악프로그램", "2623_음악프로그램.vcxproj", "{51380470-2C78-4C95-B5CD-1410C6511A23}"
EndProject
Global
	GlobalSection(SolutionConfigurationPlatforms) = preSolution
		Debug|x64 = Debug|x64
		Debug|x86 = Debug|x86
		Release|x64 = Release|x64
		Release|x86 = Release|x86
	EndGlobalSection
	GlobalSection(ProjectConfigurationPlatforms) = postSolution
		{51380470-2C78-4C95-B5CD-1410C6511A23}.Debug|x64.ActiveCfg = Debug|x64
		{51380470-2C78-4C95-B5CD-1410C6511A23}.Debug|x64.Build.0 = Debug|x64
		{51380470-2C78-4C95-B5CD-1410C6511A23}.Debug|x86.ActiveCfg = Debug|Win32
		{51380470-2C78-4C95-B5CD-1410C6511A23}.Debug|x86.Build.0 = Debug|Win32
		{51380470-2C78-4C95-B5CD-1410C6511A23}.Release|x64.ActiveCfg = Release|x64
		{51380470-2C78-4C95-B5CD-1410C6511A23}.Release|x64.Build.0 = Release|x64
		{51380470-2C78-4C95-B5CD-1410C6511A23}.Release|x86.ActiveCfg = Release|Win32
		{51380470-2C78-4C95-B5CD-1410C6511A23}.Release|x86.Build.0 = Release|Win32
	EndGlobalSection
	GlobalSection(SolutionProperties) = preSolution
		HideSolutionNode = FALSE
	EndGlobalSection
	GlobalSection(ExtensibilityGlobals) = postSolution
		SolutionGuid = {863AB76F-750B-423A-B071-E5308BD6109C}
	EndGlobalSection
EndGlobal
