
Microsoft Visual Studio Solution File, Format Version 12.00
# Visual Studio Version 16
VisualStudioVersion = 16.0.30406.217
MinimumVisualStudioVersion = 10.0.40219.1
Project("{8BC9CEB8-8B4A-11D0-8D11-00A0C91BC942}") = "2573_빙산", "2573_빙산.vcxproj", "{0F109636-C806-474E-A2EC-96D43695B7BA}"
EndProject
Global
	GlobalSection(SolutionConfigurationPlatforms) = preSolution
		Debug|x64 = Debug|x64
		Debug|x86 = Debug|x86
		Release|x64 = Release|x64
		Release|x86 = Release|x86
	EndGlobalSection
	GlobalSection(ProjectConfigurationPlatforms) = postSolution
		{0F109636-C806-474E-A2EC-96D43695B7BA}.Debug|x64.ActiveCfg = Debug|x64
		{0F109636-C806-474E-A2EC-96D43695B7BA}.Debug|x64.Build.0 = Debug|x64
		{0F109636-C806-474E-A2EC-96D43695B7BA}.Debug|x86.ActiveCfg = Debug|Win32
		{0F109636-C806-474E-A2EC-96D43695B7BA}.Debug|x86.Build.0 = Debug|Win32
		{0F109636-C806-474E-A2EC-96D43695B7BA}.Release|x64.ActiveCfg = Release|x64
		{0F109636-C806-474E-A2EC-96D43695B7BA}.Release|x64.Build.0 = Release|x64
		{0F109636-C806-474E-A2EC-96D43695B7BA}.Release|x86.ActiveCfg = Release|Win32
		{0F109636-C806-474E-A2EC-96D43695B7BA}.Release|x86.Build.0 = Release|Win32
	EndGlobalSection
	GlobalSection(SolutionProperties) = preSolution
		HideSolutionNode = FALSE
	EndGlobalSection
	GlobalSection(ExtensibilityGlobals) = postSolution
		SolutionGuid = {E7DE95A5-4D1A-452F-8C91-4A7523C1EE9A}
	EndGlobalSection
EndGlobal
