
Microsoft Visual Studio Solution File, Format Version 12.00
# Visual Studio Version 16
VisualStudioVersion = 16.0.30406.217
MinimumVisualStudioVersion = 10.0.40219.1
Project("{8BC9CEB8-8B4A-11D0-8D11-00A0C91BC942}") = "멀쩡한 사각형", "멀쩡한 사각형.vcxproj", "{646808F3-E681-4F33-A6BF-0BD97E752A2C}"
EndProject
Global
	GlobalSection(SolutionConfigurationPlatforms) = preSolution
		Debug|x64 = Debug|x64
		Debug|x86 = Debug|x86
		Release|x64 = Release|x64
		Release|x86 = Release|x86
	EndGlobalSection
	GlobalSection(ProjectConfigurationPlatforms) = postSolution
		{646808F3-E681-4F33-A6BF-0BD97E752A2C}.Debug|x64.ActiveCfg = Debug|x64
		{646808F3-E681-4F33-A6BF-0BD97E752A2C}.Debug|x64.Build.0 = Debug|x64
		{646808F3-E681-4F33-A6BF-0BD97E752A2C}.Debug|x86.ActiveCfg = Debug|Win32
		{646808F3-E681-4F33-A6BF-0BD97E752A2C}.Debug|x86.Build.0 = Debug|Win32
		{646808F3-E681-4F33-A6BF-0BD97E752A2C}.Release|x64.ActiveCfg = Release|x64
		{646808F3-E681-4F33-A6BF-0BD97E752A2C}.Release|x64.Build.0 = Release|x64
		{646808F3-E681-4F33-A6BF-0BD97E752A2C}.Release|x86.ActiveCfg = Release|Win32
		{646808F3-E681-4F33-A6BF-0BD97E752A2C}.Release|x86.Build.0 = Release|Win32
	EndGlobalSection
	GlobalSection(SolutionProperties) = preSolution
		HideSolutionNode = FALSE
	EndGlobalSection
	GlobalSection(ExtensibilityGlobals) = postSolution
		SolutionGuid = {5C74591C-388B-48DA-9A1E-2B80C00C8EE8}
	EndGlobalSection
EndGlobal
