
Microsoft Visual Studio Solution File, Format Version 12.00
# Visual Studio Version 16
VisualStudioVersion = 16.0.30406.217
MinimumVisualStudioVersion = 10.0.40219.1
Project("{8BC9CEB8-8B4A-11D0-8D11-00A0C91BC942}") = "13732_정사각형 판정", "13732_정사각형 판정.vcxproj", "{2FAB97B7-DDDD-4E08-BA87-8E494FEBD9D0}"
EndProject
Global
	GlobalSection(SolutionConfigurationPlatforms) = preSolution
		Debug|x64 = Debug|x64
		Debug|x86 = Debug|x86
		Release|x64 = Release|x64
		Release|x86 = Release|x86
	EndGlobalSection
	GlobalSection(ProjectConfigurationPlatforms) = postSolution
		{2FAB97B7-DDDD-4E08-BA87-8E494FEBD9D0}.Debug|x64.ActiveCfg = Debug|x64
		{2FAB97B7-DDDD-4E08-BA87-8E494FEBD9D0}.Debug|x64.Build.0 = Debug|x64
		{2FAB97B7-DDDD-4E08-BA87-8E494FEBD9D0}.Debug|x86.ActiveCfg = Debug|Win32
		{2FAB97B7-DDDD-4E08-BA87-8E494FEBD9D0}.Debug|x86.Build.0 = Debug|Win32
		{2FAB97B7-DDDD-4E08-BA87-8E494FEBD9D0}.Release|x64.ActiveCfg = Release|x64
		{2FAB97B7-DDDD-4E08-BA87-8E494FEBD9D0}.Release|x64.Build.0 = Release|x64
		{2FAB97B7-DDDD-4E08-BA87-8E494FEBD9D0}.Release|x86.ActiveCfg = Release|Win32
		{2FAB97B7-DDDD-4E08-BA87-8E494FEBD9D0}.Release|x86.Build.0 = Release|Win32
	EndGlobalSection
	GlobalSection(SolutionProperties) = preSolution
		HideSolutionNode = FALSE
	EndGlobalSection
	GlobalSection(ExtensibilityGlobals) = postSolution
		SolutionGuid = {68EF4D08-C851-4C04-82B8-D21D15287FF5}
	EndGlobalSection
EndGlobal
