
Microsoft Visual Studio Solution File, Format Version 12.00
# Visual Studio Version 16
VisualStudioVersion = 16.0.30406.217
MinimumVisualStudioVersion = 10.0.40219.1
Project("{8BC9CEB8-8B4A-11D0-8D11-00A0C91BC942}") = "1215_3일차 - 회문1", "1215_3일차 - 회문1.vcxproj", "{1A330943-AF75-47EC-AB5A-5DDE9399B9EB}"
EndProject
Global
	GlobalSection(SolutionConfigurationPlatforms) = preSolution
		Debug|x64 = Debug|x64
		Debug|x86 = Debug|x86
		Release|x64 = Release|x64
		Release|x86 = Release|x86
	EndGlobalSection
	GlobalSection(ProjectConfigurationPlatforms) = postSolution
		{1A330943-AF75-47EC-AB5A-5DDE9399B9EB}.Debug|x64.ActiveCfg = Debug|x64
		{1A330943-AF75-47EC-AB5A-5DDE9399B9EB}.Debug|x64.Build.0 = Debug|x64
		{1A330943-AF75-47EC-AB5A-5DDE9399B9EB}.Debug|x86.ActiveCfg = Debug|Win32
		{1A330943-AF75-47EC-AB5A-5DDE9399B9EB}.Debug|x86.Build.0 = Debug|Win32
		{1A330943-AF75-47EC-AB5A-5DDE9399B9EB}.Release|x64.ActiveCfg = Release|x64
		{1A330943-AF75-47EC-AB5A-5DDE9399B9EB}.Release|x64.Build.0 = Release|x64
		{1A330943-AF75-47EC-AB5A-5DDE9399B9EB}.Release|x86.ActiveCfg = Release|Win32
		{1A330943-AF75-47EC-AB5A-5DDE9399B9EB}.Release|x86.Build.0 = Release|Win32
	EndGlobalSection
	GlobalSection(SolutionProperties) = preSolution
		HideSolutionNode = FALSE
	EndGlobalSection
	GlobalSection(ExtensibilityGlobals) = postSolution
		SolutionGuid = {6B41753A-EBF0-4FD2-9338-1FFAFAA3041C}
	EndGlobalSection
EndGlobal
